
Microsoft Visual Studio Solution File, Format Version 12.00
# Visual Studio Version 16
VisualStudioVersion = 16.0.31515.178
MinimumVisualStudioVersion = 10.0.40219.1
Project("{9A19103F-16F7-4668-BE54-9A1E7A4F7556}") = "Orleans.Telemetry.ApplicationInsights", "Orleans.Telemetry.ApplicationInsights\Orleans.Telemetry.ApplicationInsights.csproj", "{20C5C2E1-536E-4FAB-87FD-BF6BA1C8079B}"
EndProject
Project("{FAE04EC0-301F-11D3-BF4B-00C04F79EFBC}") = "Orleans.Telemetry.ApplicationInsights.Tests", "Orleans.Telemetry.ApplicationInsights.Tests\Orleans.Telemetry.ApplicationInsights.Tests.csproj", "{6A20469E-30C7-4A08-A81C-CB6F429F4788}"
EndProject
Global
	GlobalSection(SolutionConfigurationPlatforms) = preSolution
		Debug|Any CPU = Debug|Any CPU
		Release|Any CPU = Release|Any CPU
	EndGlobalSection
	GlobalSection(ProjectConfigurationPlatforms) = postSolution
		{20C5C2E1-536E-4FAB-87FD-BF6BA1C8079B}.Debug|Any CPU.ActiveCfg = Debug|Any CPU
		{20C5C2E1-536E-4FAB-87FD-BF6BA1C8079B}.Debug|Any CPU.Build.0 = Debug|Any CPU
		{20C5C2E1-536E-4FAB-87FD-BF6BA1C8079B}.Release|Any CPU.ActiveCfg = Release|Any CPU
		{20C5C2E1-536E-4FAB-87FD-BF6BA1C8079B}.Release|Any CPU.Build.0 = Release|Any CPU
		{6A20469E-30C7-4A08-A81C-CB6F429F4788}.Debug|Any CPU.ActiveCfg = Debug|Any CPU
		{6A20469E-30C7-4A08-A81C-CB6F429F4788}.Debug|Any CPU.Build.0 = Debug|Any CPU
		{6A20469E-30C7-4A08-A81C-CB6F429F4788}.Release|Any CPU.ActiveCfg = Release|Any CPU
		{6A20469E-30C7-4A08-A81C-CB6F429F4788}.Release|Any CPU.Build.0 = Release|Any CPU
	EndGlobalSection
	GlobalSection(SolutionProperties) = preSolution
		HideSolutionNode = FALSE
	EndGlobalSection
	GlobalSection(ExtensibilityGlobals) = postSolution
		SolutionGuid = {ED42C0F8-B53D-424F-A035-140FF2B7B745}
	EndGlobalSection
EndGlobal
